
Microsoft Visual Studio Solution File, Format Version 12.00
# Visual Studio Version 16
VisualStudioVersion = 16.0.29806.167
MinimumVisualStudioVersion = 10.0.40219.1
Project("{2150E333-8FDC-42A3-9474-1A3956D46DE8}") = "UI", "UI", "{BC329936-3B62-4353-80CF-43483435E4C9}"
EndProject
Project("{2150E333-8FDC-42A3-9474-1A3956D46DE8}") = "Services", "Services", "{2B41114D-B5DD-425E-9F94-C1992AAD904C}"
EndProject
Project("{2150E333-8FDC-42A3-9474-1A3956D46DE8}") = "Common", "Common", "{4692FD3F-149D-4AEB-ABF5-472B78A5CFA4}"
EndProject
Project("{9A19103F-16F7-4668-BE54-9A1E7A4F7556}") = "WebStore.Domain", "Common\WebStore.Domain\WebStore.Domain.csproj", "{3B91CA48-0AE6-4FFC-8B11-83BAC80AFCC6}"
EndProject
Project("{9A19103F-16F7-4668-BE54-9A1E7A4F7556}") = "WebStore.DAL", "Services\WebStore.DAL\WebStore.DAL.csproj", "{58B0B406-57FE-4AC3-AB95-D6B872A03DCF}"
EndProject
Project("{9A19103F-16F7-4668-BE54-9A1E7A4F7556}") = "WebStore", "UI\WebStore\WebStore.csproj", "{CB69E2EB-61BF-4523-BBBB-5B9C9FADBA93}"
EndProject
Project("{FAE04EC0-301F-11D3-BF4B-00C04F79EFBC}") = "WebStore.ServiceHosting", "Services\WebStore.ServiceHosting\WebStore.ServiceHosting.csproj", "{C92BEEDE-CC85-41AD-84A6-D9F940E9CE08}"
EndProject
Project("{FAE04EC0-301F-11D3-BF4B-00C04F79EFBC}") = "WebStore.Interfaces", "Services\WebStore.Interfaces\WebStore.Interfaces.csproj", "{DF011C98-FCC7-4D42-8A4D-E000DC5B68CC}"
EndProject
Project("{FAE04EC0-301F-11D3-BF4B-00C04F79EFBC}") = "WebStore.Services", "Services\WebStore.Services\WebStore.Services.csproj", "{58BE77AF-EC96-49D7-B93F-E25B1970817C}"
EndProject
Global
	GlobalSection(SolutionConfigurationPlatforms) = preSolution
		Debug|Any CPU = Debug|Any CPU
		Release|Any CPU = Release|Any CPU
	EndGlobalSection
	GlobalSection(ProjectConfigurationPlatforms) = postSolution
		{3B91CA48-0AE6-4FFC-8B11-83BAC80AFCC6}.Debug|Any CPU.ActiveCfg = Debug|Any CPU
		{3B91CA48-0AE6-4FFC-8B11-83BAC80AFCC6}.Debug|Any CPU.Build.0 = Debug|Any CPU
		{3B91CA48-0AE6-4FFC-8B11-83BAC80AFCC6}.Release|Any CPU.ActiveCfg = Release|Any CPU
		{3B91CA48-0AE6-4FFC-8B11-83BAC80AFCC6}.Release|Any CPU.Build.0 = Release|Any CPU
		{58B0B406-57FE-4AC3-AB95-D6B872A03DCF}.Debug|Any CPU.ActiveCfg = Debug|Any CPU
		{58B0B406-57FE-4AC3-AB95-D6B872A03DCF}.Debug|Any CPU.Build.0 = Debug|Any CPU
		{58B0B406-57FE-4AC3-AB95-D6B872A03DCF}.Release|Any CPU.ActiveCfg = Release|Any CPU
		{58B0B406-57FE-4AC3-AB95-D6B872A03DCF}.Release|Any CPU.Build.0 = Release|Any CPU
		{CB69E2EB-61BF-4523-BBBB-5B9C9FADBA93}.Debug|Any CPU.ActiveCfg = Debug|Any CPU
		{CB69E2EB-61BF-4523-BBBB-5B9C9FADBA93}.Debug|Any CPU.Build.0 = Debug|Any CPU
		{CB69E2EB-61BF-4523-BBBB-5B9C9FADBA93}.Release|Any CPU.ActiveCfg = Release|Any CPU
		{CB69E2EB-61BF-4523-BBBB-5B9C9FADBA93}.Release|Any CPU.Build.0 = Release|Any CPU
		{C92BEEDE-CC85-41AD-84A6-D9F940E9CE08}.Debug|Any CPU.ActiveCfg = Debug|Any CPU
		{C92BEEDE-CC85-41AD-84A6-D9F940E9CE08}.Debug|Any CPU.Build.0 = Debug|Any CPU
		{C92BEEDE-CC85-41AD-84A6-D9F940E9CE08}.Release|Any CPU.ActiveCfg = Release|Any CPU
		{C92BEEDE-CC85-41AD-84A6-D9F940E9CE08}.Release|Any CPU.Build.0 = Release|Any CPU
		{DF011C98-FCC7-4D42-8A4D-E000DC5B68CC}.Debug|Any CPU.ActiveCfg = Debug|Any CPU
		{DF011C98-FCC7-4D42-8A4D-E000DC5B68CC}.Debug|Any CPU.Build.0 = Debug|Any CPU
		{DF011C98-FCC7-4D42-8A4D-E000DC5B68CC}.Release|Any CPU.ActiveCfg = Release|Any CPU
		{DF011C98-FCC7-4D42-8A4D-E000DC5B68CC}.Release|Any CPU.Build.0 = Release|Any CPU
		{58BE77AF-EC96-49D7-B93F-E25B1970817C}.Debug|Any CPU.ActiveCfg = Debug|Any CPU
		{58BE77AF-EC96-49D7-B93F-E25B1970817C}.Debug|Any CPU.Build.0 = Debug|Any CPU
		{58BE77AF-EC96-49D7-B93F-E25B1970817C}.Release|Any CPU.ActiveCfg = Release|Any CPU
		{58BE77AF-EC96-49D7-B93F-E25B1970817C}.Release|Any CPU.Build.0 = Release|Any CPU
	EndGlobalSection
	GlobalSection(SolutionProperties) = preSolution
		HideSolutionNode = FALSE
	EndGlobalSection
	GlobalSection(NestedProjects) = preSolution
		{3B91CA48-0AE6-4FFC-8B11-83BAC80AFCC6} = {4692FD3F-149D-4AEB-ABF5-472B78A5CFA4}
		{58B0B406-57FE-4AC3-AB95-D6B872A03DCF} = {2B41114D-B5DD-425E-9F94-C1992AAD904C}
		{CB69E2EB-61BF-4523-BBBB-5B9C9FADBA93} = {BC329936-3B62-4353-80CF-43483435E4C9}
		{C92BEEDE-CC85-41AD-84A6-D9F940E9CE08} = {2B41114D-B5DD-425E-9F94-C1992AAD904C}
		{DF011C98-FCC7-4D42-8A4D-E000DC5B68CC} = {2B41114D-B5DD-425E-9F94-C1992AAD904C}
		{58BE77AF-EC96-49D7-B93F-E25B1970817C} = {2B41114D-B5DD-425E-9F94-C1992AAD904C}
	EndGlobalSection
	GlobalSection(ExtensibilityGlobals) = postSolution
		SolutionGuid = {03B48D7A-D1FA-42B8-B4B5-E9BA9125FA87}
	EndGlobalSection
EndGlobal
